
Microsoft Visual Studio Solution File, Format Version 12.00
# Visual Studio Version 17
VisualStudioVersion = 17.9.34701.34
MinimumVisualStudioVersion = 10.0.40219.1
Project("{FAE04EC0-301F-11D3-BF4B-00C04F79EFBC}") = "dotnet-workshop-deneme", "dotnet-workshop-deneme\dotnet-workshop-deneme.csproj", "{EAC0FD49-C282-4D1B-8DA7-98811FB64585}"
EndProject
Global
	GlobalSection(SolutionConfigurationPlatforms) = preSolution
		Debug|Any CPU = Debug|Any CPU
		Release|Any CPU = Release|Any CPU
	EndGlobalSection
	GlobalSection(ProjectConfigurationPlatforms) = postSolution
		{EAC0FD49-C282-4D1B-8DA7-98811FB64585}.Debug|Any CPU.ActiveCfg = Debug|Any CPU
		{EAC0FD49-C282-4D1B-8DA7-98811FB64585}.Debug|Any CPU.Build.0 = Debug|Any CPU
		{EAC0FD49-C282-4D1B-8DA7-98811FB64585}.Release|Any CPU.ActiveCfg = Release|Any CPU
		{EAC0FD49-C282-4D1B-8DA7-98811FB64585}.Release|Any CPU.Build.0 = Release|Any CPU
	EndGlobalSection
	GlobalSection(SolutionProperties) = preSolution
		HideSolutionNode = FALSE
	EndGlobalSection
	GlobalSection(ExtensibilityGlobals) = postSolution
		SolutionGuid = {CD818976-7AF8-4AA6-AF09-AE5854BC5741}
	EndGlobalSection
EndGlobal
